
Microsoft Visual Studio Solution File, Format Version 12.00
Project("{FAE04EC0-301F-11D3-BF4B-00C04F79EFBC}") = "EasyEfDb", "EasyEfDb\EasyEfDb.csproj", "{F8B0D7CF-A5D2-4DEA-BAD8-18A65D991119}"
EndProject
Project("{FAE04EC0-301F-11D3-BF4B-00C04F79EFBC}") = "EasyEfDb.Tests", "EasyEfDb.Tests\EasyEfDb.Tests.csproj", "{4A53BEEA-959B-43CA-B8B8-405CC0DBFAC3}"
EndProject
Global
	GlobalSection(SolutionConfigurationPlatforms) = preSolution
		Debug|Any CPU = Debug|Any CPU
		Release|Any CPU = Release|Any CPU
	EndGlobalSection
	GlobalSection(ProjectConfigurationPlatforms) = postSolution
		{F8B0D7CF-A5D2-4DEA-BAD8-18A65D991119}.Debug|Any CPU.ActiveCfg = Debug|Any CPU
		{F8B0D7CF-A5D2-4DEA-BAD8-18A65D991119}.Debug|Any CPU.Build.0 = Debug|Any CPU
		{F8B0D7CF-A5D2-4DEA-BAD8-18A65D991119}.Release|Any CPU.ActiveCfg = Release|Any CPU
		{F8B0D7CF-A5D2-4DEA-BAD8-18A65D991119}.Release|Any CPU.Build.0 = Release|Any CPU
		{4A53BEEA-959B-43CA-B8B8-405CC0DBFAC3}.Debug|Any CPU.ActiveCfg = Debug|Any CPU
		{4A53BEEA-959B-43CA-B8B8-405CC0DBFAC3}.Debug|Any CPU.Build.0 = Debug|Any CPU
		{4A53BEEA-959B-43CA-B8B8-405CC0DBFAC3}.Release|Any CPU.ActiveCfg = Release|Any CPU
		{4A53BEEA-959B-43CA-B8B8-405CC0DBFAC3}.Release|Any CPU.Build.0 = Release|Any CPU
	EndGlobalSection
EndGlobal
